
Microsoft Visual Studio Solution File, Format Version 12.00
# Visual Studio 15
VisualStudioVersion = 15.0.28010.2016
MinimumVisualStudioVersion = 10.0.40219.1
Project("{FAE04EC0-301F-11D3-BF4B-00C04F79EFBC}") = "DapperApplication", "DapperApplication\DapperApplication.csproj", "{F134AB36-4840-47F2-B0A8-691394D68E80}"
EndProject
Global
	GlobalSection(SolutionConfigurationPlatforms) = preSolution
		Debug|Any CPU = Debug|Any CPU
		Release|Any CPU = Release|Any CPU
	EndGlobalSection
	GlobalSection(ProjectConfigurationPlatforms) = postSolution
		{F134AB36-4840-47F2-B0A8-691394D68E80}.Debug|Any CPU.ActiveCfg = Debug|Any CPU
		{F134AB36-4840-47F2-B0A8-691394D68E80}.Debug|Any CPU.Build.0 = Debug|Any CPU
		{F134AB36-4840-47F2-B0A8-691394D68E80}.Release|Any CPU.ActiveCfg = Release|Any CPU
		{F134AB36-4840-47F2-B0A8-691394D68E80}.Release|Any CPU.Build.0 = Release|Any CPU
	EndGlobalSection
	GlobalSection(SolutionProperties) = preSolution
		HideSolutionNode = FALSE
	EndGlobalSection
	GlobalSection(ExtensibilityGlobals) = postSolution
		SolutionGuid = {DA1DB22F-3238-4DA9-90F3-9E4C0A3E75E3}
	EndGlobalSection
EndGlobal
